{
  "nodes": {
    "darwin": {
      "inputs": {
        "nixpkgs": [
          "nixpkgs"
        ]
      },
      "locked": {
        "lastModified": 1705915768,
        "narHash": "sha256-+Jlz8OAqkOwJlioac9wtpsCnjgGYUhvLpgJR/5tP9po=",
        "owner": "lnl7",
        "repo": "nix-darwin",
        "rev": "1e706ef323de76236eb183d7784f3bd57255ec0b",
        "type": "github"
      },
      "original": {
        "owner": "lnl7",
        "repo": "nix-darwin",
        "type": "github"
      }
    },
    "home-manager": {
      "inputs": {
        "nixpkgs": [
          "nixpkgs"
        ]
      },
      "locked": {
        "lastModified": 1705879479,
        "narHash": "sha256-ZIohbyly1KOe+8I3gdyNKgVN/oifKdmeI0DzMfytbtg=",
        "owner": "nix-community",
        "repo": "home-manager",
        "rev": "2d47379ad591bcb14ca95a90b6964b8305f6c913",
        "type": "github"
      },
      "original": {
        "owner": "nix-community",
        "ref": "master",
        "repo": "home-manager",
        "type": "github"
      }
    },
    "nixpkgs": {
      "locked": {
        "lastModified": 1705774713,
        "narHash": "sha256-j6ADaDH9XiumUzkTPlFyCBcoWYhO83lfgiSqEJF2zcs=",
        "owner": "nixos",
        "repo": "nixpkgs",
        "rev": "1b64fc1287991a9cce717a01c1973ef86cb1af0b",
        "type": "github"
      },
      "original": {
        "owner": "nixos",
        "ref": "nixos-23.11",
        "repo": "nixpkgs",
        "type": "github"
      }
    },
    "nixpkgs-unstable": {
      "locked": {
        "lastModified": 1705883077,
        "narHash": "sha256-ByzHHX3KxpU1+V0erFy8jpujTufimh6KaS/Iv3AciHk=",
        "owner": "nixos",
        "repo": "nixpkgs",
        "rev": "5f5210aa20e343b7e35f40c033000db0ef80d7b9",
        "type": "github"
      },
      "original": {
        "owner": "nixos",
        "ref": "nixpkgs-unstable",
        "repo": "nixpkgs",
        "type": "github"
      }
    },
    "root": {
      "inputs": {
        "darwin": "darwin",
        "home-manager": "home-manager",
        "nixpkgs": "nixpkgs",
        "nixpkgs-unstable": "nixpkgs-unstable"
      }
    }
  },
  "root": "root",
  "version": 7
}
