{
  "nodes": {
    "darwin": {
      "inputs": {
        "nixpkgs": [
          "nixpkgs"
        ]
      },
      "locked": {
        "lastModified": 1780789116,
        "narHash": "sha256-+/LcDMJGYQVLp3ECZ1jBhj3GcQU+Yt+OTsDsQFz8cMs=",
        "owner": "LnL7",
        "repo": "nix-darwin",
        "rev": "731951a251ca96cbd12a8e1bde63737e21947644",
        "type": "github"
      },
      "original": {
        "owner": "LnL7",
        "ref": "nix-darwin-26.05",
        "repo": "nix-darwin",
        "type": "github"
      }
    },
    "home-manager": {
      "inputs": {
        "nixpkgs": [
          "nixpkgs"
        ]
      },
      "locked": {
        "lastModified": 1781063120,
        "narHash": "sha256-1UIF/mDJluwJQjmmcZ2j1L2+mjYsefe82QCLj0TYSOg=",
        "owner": "nix-community",
        "repo": "home-manager",
        "rev": "baa46aeb6d02e0ba13de67cd35e3d57aedfacf01",
        "type": "github"
      },
      "original": {
        "owner": "nix-community",
        "ref": "release-26.05",
        "repo": "home-manager",
        "type": "github"
      }
    },
    "nixpkgs": {
      "locked": {
        "lastModified": 1780773863,
        "narHash": "sha256-t0AXyb11HJHwyRkCed8y15unmgwVlbgcIEVdV1XxYvA=",
        "owner": "NixOS",
        "repo": "nixpkgs",
        "rev": "20872773637de0b44f7ac04cde2098db1286e6d5",
        "type": "github"
      },
      "original": {
        "owner": "NixOS",
        "ref": "nixpkgs-26.05-darwin",
        "repo": "nixpkgs",
        "type": "github"
      }
    },
    "nixpkgs-unstable": {
      "locked": {
        "lastModified": 1780930886,
        "narHash": "sha256-rppURzHviaQN131F+nLiLdGfcb0uCd9gGP0E5+iw9MI=",
        "owner": "nixos",
        "repo": "nixpkgs",
        "rev": "8c3cede7ddc26bd659d2d383b5610efbd2c7a16e",
        "type": "github"
      },
      "original": {
        "owner": "nixos",
        "ref": "nixpkgs-unstable",
        "repo": "nixpkgs",
        "type": "github"
      }
    },
    "root": {
      "inputs": {
        "darwin": "darwin",
        "home-manager": "home-manager",
        "nixpkgs": "nixpkgs",
        "nixpkgs-unstable": "nixpkgs-unstable"
      }
    }
  },
  "root": "root",
  "version": 7
}
